// !$*UTF8*$!
{
	archiveVersion = 1;
	classes = {
	};
	objectVersion = 46;
	objects = {

/* Begin PBXBuildFile section */
		1981BF941C42E668004F7F74 /* AppDelegate.swift in Sources */ = {isa = PBXBuildFile; fileRef = 1981BF931C42E668004F7F74 /* AppDelegate.swift */; };
		1981BF961C42E668004F7F74 /* ViewController.swift in Sources */ = {isa = PBXBuildFile; fileRef = 1981BF951C42E668004F7F74 /* ViewController.swift */; };
		1981BF991C42E668004F7F74 /* Main.storyboard in Resources */ = {isa = PBXBuildFile; fileRef = 1981BF971C42E668004F7F74 /* Main.storyboard */; };
		1981BF9C1C42E668004F7F74 /* My_Favorite_Movies.xcdatamodeld in Sources */ = {isa = PBXBuildFile; fileRef = 1981BF9A1C42E668004F7F74 /* My_Favorite_Movies.xcdatamodeld */; };
		1981BF9E1C42E668004F7F74 /* Assets.xcassets in Resources */ = {isa = PBXBuildFile; fileRef = 1981BF9D1C42E668004F7F74 /* Assets.xcassets */; };
		1981BFA11C42E668004F7F74 /* LaunchScreen.storyboard in Resources */ = {isa = PBXBuildFile; fileRef = 1981BF9F1C42E668004F7F74 /* LaunchScreen.storyboard */; };
		1981BFAC1C42F734004F7F74 /* CreateMovie.swift in Sources */ = {isa = PBXBuildFile; fileRef = 1981BFAB1C42F734004F7F74 /* CreateMovie.swift */; };
		1981BFB21C42FE26004F7F74 /* MovieCell.swift in Sources */ = {isa = PBXBuildFile; fileRef = 1981BFB11C42FE26004F7F74 /* MovieCell.swift */; };
		1981BFB51C438973004F7F74 /* Movies+CoreDataProperties.swift in Sources */ = {isa = PBXBuildFile; fileRef = 1981BFB31C438973004F7F74 /* Movies+CoreDataProperties.swift */; };
		1981BFB61C438973004F7F74 /* Movies.swift in Sources */ = {isa = PBXBuildFile; fileRef = 1981BFB41C438973004F7F74 /* Movies.swift */; };
		1981BFB81C43997E004F7F74 /* DetailVCViewController.swift in Sources */ = {isa = PBXBuildFile; fileRef = 1981BFB71C43997E004F7F74 /* DetailVCViewController.swift */; };
/* End PBXBuildFile section */

/* Begin PBXFileReference section */
		1981BF901C42E668004F7F74 /* My-Favorite-Movies.app */ = {isa = PBXFileReference; explicitFileType = wrapper.application; includeInIndex = 0; path = "My-Favorite-Movies.app"; sourceTree = BUILT_PRODUCTS_DIR; };
		1981BF931C42E668004F7F74 /* AppDelegate.swift */ = {isa = PBXFileReference; lastKnownFileType = sourcecode.swift; path = AppDelegate.swift; sourceTree = "<group>"; };
		1981BF951C42E668004F7F74 /* ViewController.swift */ = {isa = PBXFileReference; lastKnownFileType = sourcecode.swift; path = ViewController.swift; sourceTree = "<group>"; };
		1981BF981C42E668004F7F74 /* Base */ = {isa = PBXFileReference; lastKnownFileType = file.storyboard; name = Base; path = Base.lproj/Main.storyboard; sourceTree = "<group>"; };
		1981BF9B1C42E668004F7F74 /* My_Favorite_Movies.xcdatamodel */ = {isa = PBXFileReference; lastKnownFileType = wrapper.xcdatamodel; path = My_Favorite_Movies.xcdatamodel; sourceTree = "<group>"; };
		1981BF9D1C42E668004F7F74 /* Assets.xcassets */ = {isa = PBXFileReference; lastKnownFileType = folder.assetcatalog; path = Assets.xcassets; sourceTree = "<group>"; };
		1981BFA01C42E668004F7F74 /* Base */ = {isa = PBXFileReference; lastKnownFileType = file.storyboard; name = Base; path = Base.lproj/LaunchScreen.storyboard; sourceTree = "<group>"; };
		1981BFA21C42E668004F7F74 /* Info.plist */ = {isa = PBXFileReference; lastKnownFileType = text.plist.xml; path = Info.plist; sourceTree = "<group>"; };
		1981BFAB1C42F734004F7F74 /* CreateMovie.swift */ = {isa = PBXFileReference; fileEncoding = 4; lastKnownFileType = sourcecode.swift; path = CreateMovie.swift; sourceTree = "<group>"; };
		1981BFB11C42FE26004F7F74 /* MovieCell.swift */ = {isa = PBXFileReference; fileEncoding = 4; lastKnownFileType = sourcecode.swift; path = MovieCell.swift; sourceTree = "<group>"; };
		1981BFB31C438973004F7F74 /* Movies+CoreDataProperties.swift */ = {isa = PBXFileReference; fileEncoding = 4; lastKnownFileType = sourcecode.swift; name = "Movies+CoreDataProperties.swift"; path = "../Movies+CoreDataProperties.swift"; sourceTree = "<group>"; };
		1981BFB41C438973004F7F74 /* Movies.swift */ = {isa = PBXFileReference; fileEncoding = 4; lastKnownFileType = sourcecode.swift; name = Movies.swift; path = ../Movies.swift; sourceTree = "<group>"; };
		1981BFB71C43997E004F7F74 /* DetailVCViewController.swift */ = {isa = PBXFileReference; fileEncoding = 4; lastKnownFileType = sourcecode.swift; path = DetailVCViewController.swift; sourceTree = "<group>"; };
/* End PBXFileReference section */

/* Begin PBXFrameworksBuildPhase section */
		1981BF8D1C42E668004F7F74 /* Frameworks */ = {
			isa = PBXFrameworksBuildPhase;
			buildActionMask = 2147483647;
			files = (
			);
			runOnlyForDeploymentPostprocessing = 0;
		};
/* End PBXFrameworksBuildPhase section */

/* Begin PBXGroup section */
		1981BF871C42E668004F7F74 = {
			isa = PBXGroup;
			children = (
				1981BF921C42E668004F7F74 /* My-Favorite-Movies */,
				1981BF911C42E668004F7F74 /* Products */,
			);
			sourceTree = "<group>";
		};
		1981BF911C42E668004F7F74 /* Products */ = {
			isa = PBXGroup;
			children = (
				1981BF901C42E668004F7F74 /* My-Favorite-Movies.app */,
			);
			name = Products;
			sourceTree = "<group>";
		};
		1981BF921C42E668004F7F74 /* My-Favorite-Movies */ = {
			isa = PBXGroup;
			children = (
				1981BFAA1C42F3D4004F7F74 /* View */,
				1981BFA91C42F3CE004F7F74 /* Controller */,
				1981BFA81C42F3C9004F7F74 /* Model */,
				1981BF931C42E668004F7F74 /* AppDelegate.swift */,
				1981BF9D1C42E668004F7F74 /* Assets.xcassets */,
				1981BF9F1C42E668004F7F74 /* LaunchScreen.storyboard */,
				1981BFA21C42E668004F7F74 /* Info.plist */,
				1981BF9A1C42E668004F7F74 /* My_Favorite_Movies.xcdatamodeld */,
			);
			path = "My-Favorite-Movies";
			sourceTree = "<group>";
		};
		1981BFA81C42F3C9004F7F74 /* Model */ = {
			isa = PBXGroup;
			children = (
				1981BFB31C438973004F7F74 /* Movies+CoreDataProperties.swift */,
				1981BFB41C438973004F7F74 /* Movies.swift */,
			);
			name = Model;
			sourceTree = "<group>";
		};
		1981BFA91C42F3CE004F7F74 /* Controller */ = {
			isa = PBXGroup;
			children = (
				1981BFAB1C42F734004F7F74 /* CreateMovie.swift */,
				1981BF951C42E668004F7F74 /* ViewController.swift */,
				1981BFB71C43997E004F7F74 /* DetailVCViewController.swift */,
			);
			name = Controller;
			sourceTree = "<group>";
		};
		1981BFAA1C42F3D4004F7F74 /* View */ = {
			isa = PBXGroup;
			children = (
				1981BF971C42E668004F7F74 /* Main.storyboard */,
				1981BFB11C42FE26004F7F74 /* MovieCell.swift */,
			);
			name = View;
			sourceTree = "<group>";
		};
/* End PBXGroup section */

/* Begin PBXNativeTarget section */
		1981BF8F1C42E668004F7F74 /* My-Favorite-Movies */ = {
			isa = PBXNativeTarget;
			buildConfigurationList = 1981BFA51C42E668004F7F74 /* Build configuration list for PBXNativeTarget "My-Favorite-Movies" */;
			buildPhases = (
				1981BF8C1C42E668004F7F74 /* Sources */,
				1981BF8D1C42E668004F7F74 /* Frameworks */,
				1981BF8E1C42E668004F7F74 /* Resources */,
			);
			buildRules = (
			);
			dependencies = (
			);
			name = "My-Favorite-Movies";
			productName = "My-Favorite-Movies";
			productReference = 1981BF901C42E668004F7F74 /* My-Favorite-Movies.app */;
			productType = "com.apple.product-type.application";
		};
/* End PBXNativeTarget section */

/* Begin PBXProject section */
		1981BF881C42E668004F7F74 /* Project object */ = {
			isa = PBXProject;
			attributes = {
				LastSwiftUpdateCheck = 0720;
				LastUpgradeCheck = 0720;
				ORGANIZATIONNAME = Shawn;
				TargetAttributes = {
					1981BF8F1C42E668004F7F74 = {
						CreatedOnToolsVersion = 7.2;
					};
				};
			};
			buildConfigurationList = 1981BF8B1C42E668004F7F74 /* Build configuration list for PBXProject "My-Favorite-Movies" */;
			compatibilityVersion = "Xcode 3.2";
			developmentRegion = English;
			hasScannedForEncodings = 0;
			knownRegions = (
				en,
				Base,
			);
			mainGroup = 1981BF871C42E668004F7F74;
			productRefGroup = 1981BF911C42E668004F7F74 /* Products */;
			projectDirPath = "";
			projectRoot = "";
			targets = (
				1981BF8F1C42E668004F7F74 /* My-Favorite-Movies */,
			);
		};
/* End PBXProject section */

/* Begin PBXResourcesBuildPhase section */
		1981BF8E1C42E668004F7F74 /* Resources */ = {
			isa = PBXResourcesBuildPhase;
			buildActionMask = 2147483647;
			files = (
				1981BFA11C42E668004F7F74 /* LaunchScreen.storyboard in Resources */,
				1981BF9E1C42E668004F7F74 /* Assets.xcassets in Resources */,
				1981BF991C42E668004F7F74 /* Main.storyboard in Resources */,
			);
			runOnlyForDeploymentPostprocessing = 0;
		};
/* End PBXResourcesBuildPhase section */

/* Begin PBXSourcesBuildPhase section */
		1981BF8C1C42E668004F7F74 /* Sources */ = {
			isa = PBXSourcesBuildPhase;
			buildActionMask = 2147483647;
			files = (
				1981BFB61C438973004F7F74 /* Movies.swift in Sources */,
				1981BFB51C438973004F7F74 /* Movies+CoreDataProperties.swift in Sources */,
				1981BFB81C43997E004F7F74 /* DetailVCViewController.swift in Sources */,
				1981BFB21C42FE26004F7F74 /* MovieCell.swift in Sources */,
				1981BFAC1C42F734004F7F74 /* CreateMovie.swift in Sources */,
				1981BF961C42E668004F7F74 /* ViewController.swift in Sources */,
				1981BF9C1C42E668004F7F74 /* My_Favorite_Movies.xcdatamodeld in Sources */,
				1981BF941C42E668004F7F74 /* AppDelegate.swift in Sources */,
			);
			runOnlyForDeploymentPostprocessing = 0;
		};
/* End PBXSourcesBuildPhase section */

/* Begin PBXVariantGroup section */
		1981BF971C42E668004F7F74 /* Main.storyboard */ = {
			isa = PBXVariantGroup;
			children = (
				1981BF981C42E668004F7F74 /* Base */,
			);
			name = Main.storyboard;
			sourceTree = "<group>";
		};
		1981BF9F1C42E668004F7F74 /* LaunchScreen.storyboard */ = {
			isa = PBXVariantGroup;
			children = (
				1981BFA01C42E668004F7F74 /* Base */,
			);
			name = LaunchScreen.storyboard;
			sourceTree = "<group>";
		};
/* End PBXVariantGroup section */

/* Begin XCBuildConfiguration section */
		1981BFA31C42E668004F7F74 /* Debug */ = {
			isa = XCBuildConfiguration;
			buildSettings = {
				ALWAYS_SEARCH_USER_PATHS = NO;
				CLANG_CXX_LANGUAGE_STANDARD = "gnu++0x";
				CLANG_CXX_LIBRARY = "libc++";
				CLANG_ENABLE_MODULES = YES;
				CLANG_ENABLE_OBJC_ARC = YES;
				CLANG_WARN_BOOL_CONVERSION = YES;
				CLANG_WARN_CONSTANT_CONVERSION = YES;
				CLANG_WARN_DIRECT_OBJC_ISA_USAGE = YES_ERROR;
				CLANG_WARN_EMPTY_BODY = YES;
				CLANG_WARN_ENUM_CONVERSION = YES;
				CLANG_WARN_INT_CONVERSION = YES;
				CLANG_WARN_OBJC_ROOT_CLASS = YES_ERROR;
				CLANG_WARN_UNREACHABLE_CODE = YES;
				CLANG_WARN__DUPLICATE_METHOD_MATCH = YES;
				"CODE_SIGN_IDENTITY[sdk=iphoneos*]" = "iPhone Developer";
				COPY_PHASE_STRIP = NO;
				DEBUG_INFORMATION_FORMAT = dwarf;
				ENABLE_STRICT_OBJC_MSGSEND = YES;
				ENABLE_TESTABILITY = YES;
				GCC_C_LANGUAGE_STANDARD = gnu99;
				GCC_DYNAMIC_NO_PIC = NO;
				GCC_NO_COMMON_BLOCKS = YES;
				GCC_OPTIMIZATION_LEVEL = 0;
				GCC_PREPROCESSOR_DEFINITIONS = (
					"DEBUG=1",
					"$(inherited)",
				);
				GCC_WARN_64_TO_32_BIT_CONVERSION = YES;
				GCC_WARN_ABOUT_RETURN_TYPE = YES_ERROR;
				GCC_WARN_UNDECLARED_SELECTOR = YES;
				GCC_WARN_UNINITIALIZED_AUTOS = YES_AGGRESSIVE;
				GCC_WARN_UNUSED_FUNCTION = YES;
				GCC_WARN_UNUSED_VARIABLE = YES;
				IPHONEOS_DEPLOYMENT_TARGET = 9.2;
				MTL_ENABLE_DEBUG_INFO = YES;
				ONLY_ACTIVE_ARCH = YES;
				SDKROOT = iphoneos;
				SWIFT_OPTIMIZATION_LEVEL = "-Onone";
				TARGETED_DEVICE_FAMILY = "1,2";
			};
			name = Debug;
		};
		1981BFA41C42E668004F7F74 /* Release */ = {
			isa = XCBuildConfiguration;
			buildSettings = {
				ALWAYS_SEARCH_USER_PATHS = NO;
				CLANG_CXX_LANGUAGE_STANDARD = "gnu++0x";
				CLANG_CXX_LIBRARY = "libc++";
				CLANG_ENABLE_MODULES = YES;
				CLANG_ENABLE_OBJC_ARC = YES;
				CLANG_WARN_BOOL_CONVERSION = YES;
				CLANG_WARN_CONSTANT_CONVERSION = YES;
				CLANG_WARN_DIRECT_OBJC_ISA_USAGE = YES_ERROR;
				CLANG_WARN_EMPTY_BODY = YES;
				CLANG_WARN_ENUM_CONVERSION = YES;
				CLANG_WARN_INT_CONVERSION = YES;
				CLANG_WARN_OBJC_ROOT_CLASS = YES_ERROR;
				CLANG_WARN_UNREACHABLE_CODE = YES;
				CLANG_WARN__DUPLICATE_METHOD_MATCH = YES;
				"CODE_SIGN_IDENTITY[sdk=iphoneos*]" = "iPhone Developer";
				COPY_PHASE_STRIP = NO;
				DEBUG_INFORMATION_FORMAT = "dwarf-with-dsym";
				ENABLE_NS_ASSERTIONS = NO;
				ENABLE_STRICT_OBJC_MSGSEND = YES;
				GCC_C_LANGUAGE_STANDARD = gnu99;
				GCC_NO_COMMON_BLOCKS = YES;
				GCC_WARN_64_TO_32_BIT_CONVERSION = YES;
				GCC_WARN_ABOUT_RETURN_TYPE = YES_ERROR;
				GCC_WARN_UNDECLARED_SELECTOR = YES;
				GCC_WARN_UNINITIALIZED_AUTOS = YES_AGGRESSIVE;
				GCC_WARN_UNUSED_FUNCTION = YES;
				GCC_WARN_UNUSED_VARIABLE = YES;
				IPHONEOS_DEPLOYMENT_TARGET = 9.2;
				MTL_ENABLE_DEBUG_INFO = NO;
				SDKROOT = iphoneos;
				TARGETED_DEVICE_FAMILY = "1,2";
				VALIDATE_PRODUCT = YES;
			};
			name = Release;
		};
		1981BFA61C42E668004F7F74 /* Debug */ = {
			isa = XCBuildConfiguration;
			buildSettings = {
				ASSETCATALOG_COMPILER_APPICON_NAME = AppIcon;
				INFOPLIST_FILE = "My-Favorite-Movies/Info.plist";
				LD_RUNPATH_SEARCH_PATHS = "$(inherited) @executable_path/Frameworks";
				PRODUCT_BUNDLE_IDENTIFIER = "com.Shawn.My-Favorite-Movies";
				PRODUCT_NAME = "$(TARGET_NAME)";
			};
			name = Debug;
		};
		1981BFA71C42E668004F7F74 /* Release */ = {
			isa = XCBuildConfiguration;
			buildSettings = {
				ASSETCATALOG_COMPILER_APPICON_NAME = AppIcon;
				INFOPLIST_FILE = "My-Favorite-Movies/Info.plist";
				LD_RUNPATH_SEARCH_PATHS = "$(inherited) @executable_path/Frameworks";
				PRODUCT_BUNDLE_IDENTIFIER = "com.Shawn.My-Favorite-Movies";
				PRODUCT_NAME = "$(TARGET_NAME)";
			};
			name = Release;
		};
/* End XCBuildConfiguration section */

/* Begin XCConfigurationList section */
		1981BF8B1C42E668004F7F74 /* Build configuration list for PBXProject "My-Favorite-Movies" */ = {
			isa = XCConfigurationList;
			buildConfigurations = (
				1981BFA31C42E668004F7F74 /* Debug */,
				1981BFA41C42E668004F7F74 /* Release */,
			);
			defaultConfigurationIsVisible = 0;
			defaultConfigurationName = Release;
		};
		1981BFA51C42E668004F7F74 /* Build configuration list for PBXNativeTarget "My-Favorite-Movies" */ = {
			isa = XCConfigurationList;
			buildConfigurations = (
				1981BFA61C42E668004F7F74 /* Debug */,
				1981BFA71C42E668004F7F74 /* Release */,
			);
			defaultConfigurationIsVisible = 0;
			defaultConfigurationName = Release;
		};
/* End XCConfigurationList section */

/* Begin XCVersionGroup section */
		1981BF9A1C42E668004F7F74 /* My_Favorite_Movies.xcdatamodeld */ = {
			isa = XCVersionGroup;
			children = (
				1981BF9B1C42E668004F7F74 /* My_Favorite_Movies.xcdatamodel */,
			);
			currentVersion = 1981BF9B1C42E668004F7F74 /* My_Favorite_Movies.xcdatamodel */;
			path = My_Favorite_Movies.xcdatamodeld;
			sourceTree = "<group>";
			versionGroupType = wrapper.xcdatamodel;
		};
/* End XCVersionGroup section */
	};
	rootObject = 1981BF881C42E668004F7F74 /* Project object */;
}
